// !$*UTF8*$!
{
	archiveVersion = 1;
	classes = {
	};
	objectVersion = 77;
	objects = {

/* Begin PBXBuildFile section */
		410E503830295ED7007F7567 /* Assets.xcassets in Resources */ = {isa = PBXBuildFile; fileRef = 410E502F30295ED7007F7567 /* Assets.xcassets */; };
		410E503A30295ED7007F7567 /* LaunchScreen.storyboard in Resources */ = {isa = PBXBuildFile; fileRef = 410E503230295ED7007F7567 /* LaunchScreen.storyboard */; };
		410E503C30295ED7007F7567 /* AppDelegate.swift in Sources */ = {isa = PBXBuildFile; fileRef = 410E502E30295ED7007F7567 /* AppDelegate.swift */; };
		410E503D30295ED7007F7567 /* SceneDelegate.swift in Sources */ = {isa = PBXBuildFile; fileRef = 410E503530295ED7007F7567 /* SceneDelegate.swift */; };
		410E503E30295ED7007F7567 /* MainTabBarController.swift in Sources */ = {isa = PBXBuildFile; fileRef = 410E503630295ED7007F7567 /* MainTabBarController.swift */; };
		411C91B83029657A00625E82 /* AppDelegate+Extension.swift in Sources */ = {isa = PBXBuildFile; fileRef = 411C91B73029657A00625E82 /* AppDelegate+Extension.swift */; };
		411C91BA3029684300625E82 /* SVProgressHUD+Extension.swift in Sources */ = {isa = PBXBuildFile; fileRef = 411C91B93029684300625E82 /* SVProgressHUD+Extension.swift */; };
		411C91BC302969F900625E82 /* UITraitCollection+Extension.swift in Sources */ = {isa = PBXBuildFile; fileRef = 411C91BB302969F900625E82 /* UITraitCollection+Extension.swift */; };
		411C91BF30296FDC00625E82 /* NetworkActivityLogger.swift in Sources */ = {isa = PBXBuildFile; fileRef = 411C91BE30296FDC00625E82 /* NetworkActivityLogger.swift */; };
		411C91C13029710B00625E82 /* AppDelegate+CrashConfig.swift in Sources */ = {isa = PBXBuildFile; fileRef = 411C91C03029710B00625E82 /* AppDelegate+CrashConfig.swift */; };
		411C91C3302972E000625E82 /* Collection+Extension.swift in Sources */ = {isa = PBXBuildFile; fileRef = 411C91C2302972E000625E82 /* Collection+Extension.swift */; };
		411C91C5302974A800625E82 /* AppDelegate+LogConfig.swift in Sources */ = {isa = PBXBuildFile; fileRef = 411C91C4302974A800625E82 /* AppDelegate+LogConfig.swift */; };
		411C91C8302976CE00625E82 /* CustomLogFileManager.swift in Sources */ = {isa = PBXBuildFile; fileRef = 411C91C7302976CE00625E82 /* CustomLogFileManager.swift */; };
		411C91CC30297C9000625E82 /* CustomLogFormatter.swift in Sources */ = {isa = PBXBuildFile; fileRef = 411C91CB30297C9000625E82 /* CustomLogFormatter.swift */; };
		411C91CE3029803A00625E82 /* AppDelegate+RouterConfig.swift in Sources */ = {isa = PBXBuildFile; fileRef = 411C91CD3029803A00625E82 /* AppDelegate+RouterConfig.swift */; };
		411C91D0302980C200625E82 /* LogUtils.swift in Sources */ = {isa = PBXBuildFile; fileRef = 411C91CF302980C200625E82 /* LogUtils.swift */; };
		411C91D23029824A00625E82 /* AppDelegate+NetworkConfig.swift in Sources */ = {isa = PBXBuildFile; fileRef = 411C91D13029824A00625E82 /* AppDelegate+NetworkConfig.swift */; };
		411C91D63029838D00625E82 /* AccountManager.swift in Sources */ = {isa = PBXBuildFile; fileRef = 411C91D53029838D00625E82 /* AccountManager.swift */; };
		411C91D8302983C300625E82 /* AccountManageable.swift in Sources */ = {isa = PBXBuildFile; fileRef = 411C91D7302983C300625E82 /* AccountManageable.swift */; };
		411C91DB3029A23400625E82 /* NetworkMonitor.swift in Sources */ = {isa = PBXBuildFile; fileRef = 411C91DA3029A23400625E82 /* NetworkMonitor.swift */; };
		411C91DD3029C03000625E82 /* AppDelegate+ScreenCapture.swift in Sources */ = {isa = PBXBuildFile; fileRef = 411C91DC3029C03000625E82 /* AppDelegate+ScreenCapture.swift */; };
		411C91DF3029C25D00625E82 /* AppDelegate+SecurityConfig.swift in Sources */ = {isa = PBXBuildFile; fileRef = 411C91DE3029C25D00625E82 /* AppDelegate+SecurityConfig.swift */; };
		411C91E13029C2B200625E82 /* KeyConstants.swift in Sources */ = {isa = PBXBuildFile; fileRef = 411C91E03029C2B200625E82 /* KeyConstants.swift */; };
		411C91E93029C95200625E82 /* Constant.swift in Sources */ = {isa = PBXBuildFile; fileRef = 411C91E83029C95200625E82 /* Constant.swift */; };
		411C91ED3029D68B00625E82 /* AppDelegate+Debug.swift in Sources */ = {isa = PBXBuildFile; fileRef = 411C91EC3029D68B00625E82 /* AppDelegate+Debug.swift */; };
		411C91EF3029D87A00625E82 /* UIApplication+Extension.swift in Sources */ = {isa = PBXBuildFile; fileRef = 411C91EE3029D87A00625E82 /* UIApplication+Extension.swift */; };
		413AD824302B020000771C91 /* RswiftLibrary in Frameworks */ = {isa = PBXBuildFile; productRef = 413AD823302B020000771C91 /* RswiftLibrary */; };
		413AD827302B02DA00771C91 /* RswiftLibrary in Frameworks */ = {isa = PBXBuildFile; productRef = 413AD826302B02DA00771C91 /* RswiftLibrary */; };
		413AD837302B19E600771C91 /* TabBarVCChildrenRefreshProtocol.swift in Sources */ = {isa = PBXBuildFile; fileRef = 413AD836302B19E600771C91 /* TabBarVCChildrenRefreshProtocol.swift */; };
		413AD846302B1FF800771C91 /* GrayModeView.swift in Sources */ = {isa = PBXBuildFile; fileRef = 413AD845302B1FF800771C91 /* GrayModeView.swift */; };
		4197E32B302C1A8400A4A9FA /* BaseViewController.swift in Sources */ = {isa = PBXBuildFile; fileRef = 4197E32A302C1A8400A4A9FA /* BaseViewController.swift */; };
		4197E32D302C22ED00A4A9FA /* BaseTableViewController.swift in Sources */ = {isa = PBXBuildFile; fileRef = 4197E32C302C22ED00A4A9FA /* BaseTableViewController.swift */; };
		4197E33B302C532B00A4A9FA /* EmptyDataSetView+Extension.swift in Sources */ = {isa = PBXBuildFile; fileRef = 4197E339302C532B00A4A9FA /* EmptyDataSetView+Extension.swift */; };
		4197E33C302C532B00A4A9FA /* EmptyDataSet.swift in Sources */ = {isa = PBXBuildFile; fileRef = 4197E335302C532B00A4A9FA /* EmptyDataSet.swift */; };
		4197E33D302C532B00A4A9FA /* EmptyDataSetSource.swift in Sources */ = {isa = PBXBuildFile; fileRef = 4197E337302C532B00A4A9FA /* EmptyDataSetSource.swift */; };
		4197E33E302C532B00A4A9FA /* EmptyDataSetDelegate.swift in Sources */ = {isa = PBXBuildFile; fileRef = 4197E336302C532B00A4A9FA /* EmptyDataSetDelegate.swift */; };
		4197E33F302C532B00A4A9FA /* EmptyDataSetView.swift in Sources */ = {isa = PBXBuildFile; fileRef = 4197E338302C532B00A4A9FA /* EmptyDataSetView.swift */; };
		4197E34A302C57CA00A4A9FA /* ExBehaviorRelay.swift in Sources */ = {isa = PBXBuildFile; fileRef = 4197E349302C57CA00A4A9FA /* ExBehaviorRelay.swift */; };
		4197E34F302C5BE500A4A9FA /* NSObject+Extension.swift in Sources */ = {isa = PBXBuildFile; fileRef = 4197E34E302C5BE500A4A9FA /* NSObject+Extension.swift */; };
		4197E358302C65DC00A4A9FA /* ObserverType+Extension.swift in Sources */ = {isa = PBXBuildFile; fileRef = 4197E357302C65DC00A4A9FA /* ObserverType+Extension.swift */; };
		4197E363302C709800A4A9FA /* UINavigationController+Extension.swift in Sources */ = {isa = PBXBuildFile; fileRef = 4197E362302C709800A4A9FA /* UINavigationController+Extension.swift */; };
		4197E36A302D595500A4A9FA /* BaseViewModel.swift in Sources */ = {isa = PBXBuildFile; fileRef = 4197E369302D595500A4A9FA /* BaseViewModel.swift */; };
		4197E36F302D66B600A4A9FA /* TypeNameProtocol.swift in Sources */ = {isa = PBXBuildFile; fileRef = 4197E36E302D66B600A4A9FA /* TypeNameProtocol.swift */; };
		4197E374302D6F9700A4A9FA /* HomeViewModel.swift in Sources */ = {isa = PBXBuildFile; fileRef = 4197E373302D6F9700A4A9FA /* HomeViewModel.swift */; };
		4197E384302D70BC00A4A9FA /* ViewModelProtocol.swift in Sources */ = {isa = PBXBuildFile; fileRef = 4197E383302D70BC00A4A9FA /* ViewModelProtocol.swift */; };
		4197E389302D76A800A4A9FA /* MJRefresh+RxSwift.swift in Sources */ = {isa = PBXBuildFile; fileRef = 4197E388302D76A800A4A9FA /* MJRefresh+RxSwift.swift */; };
		41C6257B3032A5C300602223 /* UIScrollView+RxSwift.swift in Sources */ = {isa = PBXBuildFile; fileRef = 41C6257A3032A5C300602223 /* UIScrollView+RxSwift.swift */; };
		41C625883032A8F200602223 /* Info.swift in Sources */ = {isa = PBXBuildFile; fileRef = 41C625873032A8F200602223 /* Info.swift */; };
		41C6258D3032A93F00602223 /* WebLoadInfo.swift in Sources */ = {isa = PBXBuildFile; fileRef = 41C6258C3032A93F00602223 /* WebLoadInfo.swift */; };
		41C625923032AA5400602223 /* Banner.swift in Sources */ = {isa = PBXBuildFile; fileRef = 41C625913032AA5400602223 /* Banner.swift */; };
		41C625973032AE0400602223 /* BaseModel.swift in Sources */ = {isa = PBXBuildFile; fileRef = 41C625963032AE0400602223 /* BaseModel.swift */; };
		41C6259D3032AECF00602223 /* Page.swift in Sources */ = {isa = PBXBuildFile; fileRef = 41C6259C3032AECF00602223 /* Page.swift */; };
		41C625A63032B31E00602223 /* HomeService.swift in Sources */ = {isa = PBXBuildFile; fileRef = 41C625A53032B31E00602223 /* HomeService.swift */; };
		41C625AE3032B3BE00602223 /* Api.swift in Sources */ = {isa = PBXBuildFile; fileRef = 41C625AD3032B3BE00602223 /* Api.swift */; };
		41C625B33032B9D300602223 /* Int+Extension.swift in Sources */ = {isa = PBXBuildFile; fileRef = 41C625B23032B9D300602223 /* Int+Extension.swift */; };
		41C625B83032BBAD00602223 /* HotKey.json in Resources */ = {isa = PBXBuildFile; fileRef = 41C625B73032BBAD00602223 /* HotKey.json */; };
		41C625BD3032BD1200602223 /* Provider.swift in Sources */ = {isa = PBXBuildFile; fileRef = 41C625BC3032BD1200602223 /* Provider.swift */; };
		41C625C53032BDC100602223 /* ResponseInterceptorPlugin.swift in Sources */ = {isa = PBXBuildFile; fileRef = 41C625C43032BDC100602223 /* ResponseInterceptorPlugin.swift */; };
		41C625CA3032BE4700602223 /* HUD.swift in Sources */ = {isa = PBXBuildFile; fileRef = 41C625C93032BE4700602223 /* HUD.swift */; };
		41C625CF3032BFAA00602223 /* ResponseCachePlugin.swift in Sources */ = {isa = PBXBuildFile; fileRef = 41C625CE3032BFAA00602223 /* ResponseCachePlugin.swift */; };
		41C625D43032E58800602223 /* MockService.swift in Sources */ = {isa = PBXBuildFile; fileRef = 41C625D33032E58800602223 /* MockService.swift */; };
		41C625D93032F08400602223 /* InfoCell.swift in Sources */ = {isa = PBXBuildFile; fileRef = 41C625D83032F08400602223 /* InfoCell.swift */; };
		41C625E03032F48600602223 /* String+Extension.swift in Sources */ = {isa = PBXBuildFile; fileRef = 41C625DF3032F48600602223 /* String+Extension.swift */; };
		41C625E53033A00000602223 /* HomeBannerView.swift in Sources */ = {isa = PBXBuildFile; fileRef = 41C625E43033A00000602223 /* HomeBannerView.swift */; };
		41C626323034467B00602223 /* WebViewController.swift in Sources */ = {isa = PBXBuildFile; fileRef = 41C626313034467B00602223 /* WebViewController.swift */; };
		41C6263A3034474600602223 /* WeakScriptMessageDelegate.swift in Sources */ = {isa = PBXBuildFile; fileRef = 41C626393034474600602223 /* WeakScriptMessageDelegate.swift */; };
		41C6263F3034477D00602223 /* WebViewModel.swift in Sources */ = {isa = PBXBuildFile; fileRef = 41C6263E3034477D00602223 /* WebViewModel.swift */; };
		41C626453034479500602223 /* CopyActivity.swift in Sources */ = {isa = PBXBuildFile; fileRef = 41C626433034479500602223 /* CopyActivity.swift */; };
		41C626463034479500602223 /* SafariActivity.swift in Sources */ = {isa = PBXBuildFile; fileRef = 41C626443034479500602223 /* SafariActivity.swift */; };
		41C6264D303447AB00602223 /* CollectActionType.swift in Sources */ = {isa = PBXBuildFile; fileRef = 41C6264A303447AB00602223 /* CollectActionType.swift */; };
		41C6264E303447AB00602223 /* ShareType.swift in Sources */ = {isa = PBXBuildFile; fileRef = 41C6264C303447AB00602223 /* ShareType.swift */; };
		41C6264F303447AB00602223 /* ScriptMessageHandlerType.swift in Sources */ = {isa = PBXBuildFile; fileRef = 41C6264B303447AB00602223 /* ScriptMessageHandlerType.swift */; };
		41C6265930344A1700602223 /* AccountInfo.swift in Sources */ = {isa = PBXBuildFile; fileRef = 41C6265830344A1700602223 /* AccountInfo.swift */; };
		41C6266A30344AD500602223 /* NSURLProtocol+WKWebVIew.m in Sources */ = {isa = PBXBuildFile; fileRef = 41C6266930344AD500602223 /* NSURLProtocol+WKWebVIew.m */; };
		41C6267430344C3A00602223 /* OtherApp.swift in Sources */ = {isa = PBXBuildFile; fileRef = 41C6267330344C3A00602223 /* OtherApp.swift */; };
		41C6267B30344CE700602223 /* open.js in Resources */ = {isa = PBXBuildFile; fileRef = 41C6267A30344CE700602223 /* open.js */; };
		41C6268230344E0100602223 /* MyService.swift in Sources */ = {isa = PBXBuildFile; fileRef = 41C6268130344E0100602223 /* MyService.swift */; };
		41C6268730344F9300602223 /* Dictionary+Extension.swift in Sources */ = {isa = PBXBuildFile; fileRef = 41C6268630344F9300602223 /* Dictionary+Extension.swift */; };
		41C6269C30353B8F00602223 /* HotKeyFlexBoxViewController.swift in Sources */ = {isa = PBXBuildFile; fileRef = 41C6269B30353B8F00602223 /* HotKeyFlexBoxViewController.swift */; };
		41C626A130353C7900602223 /* Theme.swift in Sources */ = {isa = PBXBuildFile; fileRef = 41C626A030353C7900602223 /* Theme.swift */; };
		41C626B830354F8E00602223 /* KeyRouter.swift in Sources */ = {isa = PBXBuildFile; fileRef = 41C626B730354F8E00602223 /* KeyRouter.swift */; };
		41C626BE3035574F00602223 /* PollingNetworkRequester.swift in Sources */ = {isa = PBXBuildFile; fileRef = 41C626BD3035574F00602223 /* PollingNetworkRequester.swift */; };
		41E23E09302ABC6C004D96C7 /* UIColor+Extension.swift in Sources */ = {isa = PBXBuildFile; fileRef = 41E23E08302ABC6C004D96C7 /* UIColor+Extension.swift */; };
		41E23E0C302ACA97004D96C7 /* BaseNavigationController.swift in Sources */ = {isa = PBXBuildFile; fileRef = 41E23E0B302ACA97004D96C7 /* BaseNavigationController.swift */; };
		41E23E0F302AF2D2004D96C7 /* TabType.swift in Sources */ = {isa = PBXBuildFile; fileRef = 41E23E0E302AF2D2004D96C7 /* TabType.swift */; };
		41E23E20302AF491004D96C7 /* HomeViewController.swift in Sources */ = {isa = PBXBuildFile; fileRef = 41E23E1F302AF491004D96C7 /* HomeViewController.swift */; };
		41E23E22302AF4AC004D96C7 /* TabsViewController.swift in Sources */ = {isa = PBXBuildFile; fileRef = 41E23E21302AF4AC004D96C7 /* TabsViewController.swift */; };
		41E23E24302AF4BD004D96C7 /* TreeViewController.swift in Sources */ = {isa = PBXBuildFile; fileRef = 41E23E23302AF4BD004D96C7 /* TreeViewController.swift */; };
		41E23E26302AF4D4004D96C7 /* MyViewController.swift in Sources */ = {isa = PBXBuildFile; fileRef = 41E23E25302AF4D4004D96C7 /* MyViewController.swift */; };
		41E23E2C302AFB84004D96C7 /* RswiftLibrary in Frameworks */ = {isa = PBXBuildFile; productRef = 41E23E2B302AFB84004D96C7 /* RswiftLibrary */; };
		50BC48BDBF750D52624455EA /* Pods_RxResearch.framework in Frameworks */ = {isa = PBXBuildFile; fileRef = 1B2F016E294839C2A0210EB8 /* Pods_RxResearch.framework */; };
/* End PBXBuildFile section */

/* Begin PBXFileReference section */
		1B2F016E294839C2A0210EB8 /* Pods_RxResearch.framework */ = {isa = PBXFileReference; explicitFileType = wrapper.framework; includeInIndex = 0; path = Pods_RxResearch.framework; sourceTree = BUILT_PRODUCTS_DIR; };
		2D934E4D261F91083B0D908A /* Pods-RxResearch.debug.xcconfig */ = {isa = PBXFileReference; includeInIndex = 1; lastKnownFileType = text.xcconfig; name = "Pods-RxResearch.debug.xcconfig"; path = "Target Support Files/Pods-RxResearch/Pods-RxResearch.debug.xcconfig"; sourceTree = "<group>"; };
		39E2FDECC53E4F33388A136C /* Pods-RxResearch.release.xcconfig */ = {isa = PBXFileReference; includeInIndex = 1; lastKnownFileType = text.xcconfig; name = "Pods-RxResearch.release.xcconfig"; path = "Target Support Files/Pods-RxResearch/Pods-RxResearch.release.xcconfig"; sourceTree = "<group>"; };
		410E500630295C88007F7567 /* RxResearch.app */ = {isa = PBXFileReference; explicitFileType = wrapper.application; includeInIndex = 0; path = RxResearch.app; sourceTree = BUILT_PRODUCTS_DIR; };
		410E502E30295ED7007F7567 /* AppDelegate.swift */ = {isa = PBXFileReference; lastKnownFileType = sourcecode.swift; path = AppDelegate.swift; sourceTree = "<group>"; };
		410E502F30295ED7007F7567 /* Assets.xcassets */ = {isa = PBXFileReference; lastKnownFileType = folder.assetcatalog; path = Assets.xcassets; sourceTree = "<group>"; };
		410E503030295ED7007F7567 /* Info.plist */ = {isa = PBXFileReference; lastKnownFileType = text.plist.xml; path = Info.plist; sourceTree = "<group>"; };
		410E503130295ED7007F7567 /* Base */ = {isa = PBXFileReference; lastKnownFileType = file.storyboard; name = Base; path = Base.lproj/LaunchScreen.storyboard; sourceTree = "<group>"; };
		410E503530295ED7007F7567 /* SceneDelegate.swift */ = {isa = PBXFileReference; lastKnownFileType = sourcecode.swift; path = SceneDelegate.swift; sourceTree = "<group>"; };
		410E503630295ED7007F7567 /* MainTabBarController.swift */ = {isa = PBXFileReference; lastKnownFileType = sourcecode.swift; path = MainTabBarController.swift; sourceTree = "<group>"; };
		411C91B73029657A00625E82 /* AppDelegate+Extension.swift */ = {isa = PBXFileReference; lastKnownFileType = sourcecode.swift; path = "AppDelegate+Extension.swift"; sourceTree = "<group>"; };
		411C91B93029684300625E82 /* SVProgressHUD+Extension.swift */ = {isa = PBXFileReference; lastKnownFileType = sourcecode.swift; path = "SVProgressHUD+Extension.swift"; sourceTree = "<group>"; };
		411C91BB302969F900625E82 /* UITraitCollection+Extension.swift */ = {isa = PBXFileReference; lastKnownFileType = sourcecode.swift; path = "UITraitCollection+Extension.swift"; sourceTree = "<group>"; };
		411C91BE30296FDC00625E82 /* NetworkActivityLogger.swift */ = {isa = PBXFileReference; lastKnownFileType = sourcecode.swift; path = NetworkActivityLogger.swift; sourceTree = "<group>"; };
		411C91C03029710B00625E82 /* AppDelegate+CrashConfig.swift */ = {isa = PBXFileReference; lastKnownFileType = sourcecode.swift; path = "AppDelegate+CrashConfig.swift"; sourceTree = "<group>"; };
		411C91C2302972E000625E82 /* Collection+Extension.swift */ = {isa = PBXFileReference; lastKnownFileType = sourcecode.swift; path = "Collection+Extension.swift"; sourceTree = "<group>"; };
		411C91C4302974A800625E82 /* AppDelegate+LogConfig.swift */ = {isa = PBXFileReference; lastKnownFileType = sourcecode.swift; path = "AppDelegate+LogConfig.swift"; sourceTree = "<group>"; };
		411C91C7302976CE00625E82 /* CustomLogFileManager.swift */ = {isa = PBXFileReference; lastKnownFileType = sourcecode.swift; path = CustomLogFileManager.swift; sourceTree = "<group>"; };
		411C91CB30297C9000625E82 /* CustomLogFormatter.swift */ = {isa = PBXFileReference; lastKnownFileType = sourcecode.swift; path = CustomLogFormatter.swift; sourceTree = "<group>"; };
		411C91CD3029803A00625E82 /* AppDelegate+RouterConfig.swift */ = {isa = PBXFileReference; lastKnownFileType = sourcecode.swift; path = "AppDelegate+RouterConfig.swift"; sourceTree = "<group>"; };
		411C91CF302980C200625E82 /* LogUtils.swift */ = {isa = PBXFileReference; lastKnownFileType = sourcecode.swift; path = LogUtils.swift; sourceTree = "<group>"; };
		411C91D13029824A00625E82 /* AppDelegate+NetworkConfig.swift */ = {isa = PBXFileReference; lastKnownFileType = sourcecode.swift; path = "AppDelegate+NetworkConfig.swift"; sourceTree = "<group>"; };
		411C91D53029838D00625E82 /* AccountManager.swift */ = {isa = PBXFileReference; lastKnownFileType = sourcecode.swift; path = AccountManager.swift; sourceTree = "<group>"; };
		411C91D7302983C300625E82 /* AccountManageable.swift */ = {isa = PBXFileReference; lastKnownFileType = sourcecode.swift; path = AccountManageable.swift; sourceTree = "<group>"; };
		411C91DA3029A23400625E82 /* NetworkMonitor.swift */ = {isa = PBXFileReference; lastKnownFileType = sourcecode.swift; path = NetworkMonitor.swift; sourceTree = "<group>"; };
		411C91DC3029C03000625E82 /* AppDelegate+ScreenCapture.swift */ = {isa = PBXFileReference; lastKnownFileType = sourcecode.swift; path = "AppDelegate+ScreenCapture.swift"; sourceTree = "<group>"; };
		411C91DE3029C25D00625E82 /* AppDelegate+SecurityConfig.swift */ = {isa = PBXFileReference; lastKnownFileType = sourcecode.swift; path = "AppDelegate+SecurityConfig.swift"; sourceTree = "<group>"; };
		411C91E03029C2B200625E82 /* KeyConstants.swift */ = {isa = PBXFileReference; lastKnownFileType = sourcecode.swift; path = KeyConstants.swift; sourceTree = "<group>"; };
		411C91E83029C95200625E82 /* Constant.swift */ = {isa = PBXFileReference; lastKnownFileType = sourcecode.swift; path = Constant.swift; sourceTree = "<group>"; };
		411C91EC3029D68B00625E82 /* AppDelegate+Debug.swift */ = {isa = PBXFileReference; lastKnownFileType = sourcecode.swift; path = "AppDelegate+Debug.swift"; sourceTree = "<group>"; };
		411C91EE3029D87A00625E82 /* UIApplication+Extension.swift */ = {isa = PBXFileReference; lastKnownFileType = sourcecode.swift; path = "UIApplication+Extension.swift"; sourceTree = "<group>"; };
		413AD836302B19E600771C91 /* TabBarVCChildrenRefreshProtocol.swift */ = {isa = PBXFileReference; lastKnownFileType = sourcecode.swift; path = TabBarVCChildrenRefreshProtocol.swift; sourceTree = "<group>"; };
		413AD845302B1FF800771C91 /* GrayModeView.swift */ = {isa = PBXFileReference; lastKnownFileType = sourcecode.swift; path = GrayModeView.swift; sourceTree = "<group>"; };
		4197E32A302C1A8400A4A9FA /* BaseViewController.swift */ = {isa = PBXFileReference; lastKnownFileType = sourcecode.swift; path = BaseViewController.swift; sourceTree = "<group>"; };
		4197E32C302C22ED00A4A9FA /* BaseTableViewController.swift */ = {isa = PBXFileReference; lastKnownFileType = sourcecode.swift; path = BaseTableViewController.swift; sourceTree = "<group>"; };
		4197E335302C532B00A4A9FA /* EmptyDataSet.swift */ = {isa = PBXFileReference; lastKnownFileType = sourcecode.swift; path = EmptyDataSet.swift; sourceTree = "<group>"; };
		4197E336302C532B00A4A9FA /* EmptyDataSetDelegate.swift */ = {isa = PBXFileReference; lastKnownFileType = sourcecode.swift; path = EmptyDataSetDelegate.swift; sourceTree = "<group>"; };
		4197E337302C532B00A4A9FA /* EmptyDataSetSource.swift */ = {isa = PBXFileReference; lastKnownFileType = sourcecode.swift; path = EmptyDataSetSource.swift; sourceTree = "<group>"; };
		4197E338302C532B00A4A9FA /* EmptyDataSetView.swift */ = {isa = PBXFileReference; lastKnownFileType = sourcecode.swift; path = EmptyDataSetView.swift; sourceTree = "<group>"; };
		4197E339302C532B00A4A9FA /* EmptyDataSetView+Extension.swift */ = {isa = PBXFileReference; lastKnownFileType = sourcecode.swift; path = "EmptyDataSetView+Extension.swift"; sourceTree = "<group>"; };
		4197E349302C57CA00A4A9FA /* ExBehaviorRelay.swift */ = {isa = PBXFileReference; lastKnownFileType = sourcecode.swift; path = ExBehaviorRelay.swift; sourceTree = "<group>"; };
		4197E34E302C5BE500A4A9FA /* NSObject+Extension.swift */ = {isa = PBXFileReference; lastKnownFileType = sourcecode.swift; path = "NSObject+Extension.swift"; sourceTree = "<group>"; };
		4197E357302C65DC00A4A9FA /* ObserverType+Extension.swift */ = {isa = PBXFileReference; lastKnownFileType = sourcecode.swift; path = "ObserverType+Extension.swift"; sourceTree = "<group>"; };
		4197E362302C709800A4A9FA /* UINavigationController+Extension.swift */ = {isa = PBXFileReference; lastKnownFileType = sourcecode.swift; path = "UINavigationController+Extension.swift"; sourceTree = "<group>"; };
		4197E369302D595500A4A9FA /* BaseViewModel.swift */ = {isa = PBXFileReference; lastKnownFileType = sourcecode.swift; path = BaseViewModel.swift; sourceTree = "<group>"; };
		4197E36E302D66B600A4A9FA /* TypeNameProtocol.swift */ = {isa = PBXFileReference; lastKnownFileType = sourcecode.swift; path = TypeNameProtocol.swift; sourceTree = "<group>"; };
		4197E373302D6F9700A4A9FA /* HomeViewModel.swift */ = {isa = PBXFileReference; lastKnownFileType = sourcecode.swift; path = HomeViewModel.swift; sourceTree = "<group>"; };
		4197E383302D70BC00A4A9FA /* ViewModelProtocol.swift */ = {isa = PBXFileReference; lastKnownFileType = sourcecode.swift; path = ViewModelProtocol.swift; sourceTree = "<group>"; };
		4197E388302D76A800A4A9FA /* MJRefresh+RxSwift.swift */ = {isa = PBXFileReference; lastKnownFileType = sourcecode.swift; path = "MJRefresh+RxSwift.swift"; sourceTree = "<group>"; };
		41C6257A3032A5C300602223 /* UIScrollView+RxSwift.swift */ = {isa = PBXFileReference; lastKnownFileType = sourcecode.swift; path = "UIScrollView+RxSwift.swift"; sourceTree = "<group>"; };
		41C625873032A8F200602223 /* Info.swift */ = {isa = PBXFileReference; lastKnownFileType = sourcecode.swift; path = Info.swift; sourceTree = "<group>"; };
		41C6258C3032A93F00602223 /* WebLoadInfo.swift */ = {isa = PBXFileReference; lastKnownFileType = sourcecode.swift; path = WebLoadInfo.swift; sourceTree = "<group>"; };
		41C625913032AA5400602223 /* Banner.swift */ = {isa = PBXFileReference; lastKnownFileType = sourcecode.swift; path = Banner.swift; sourceTree = "<group>"; };
		41C625963032AE0400602223 /* BaseModel.swift */ = {isa = PBXFileReference; lastKnownFileType = sourcecode.swift; path = BaseModel.swift; sourceTree = "<group>"; };
		41C6259C3032AECF00602223 /* Page.swift */ = {isa = PBXFileReference; lastKnownFileType = sourcecode.swift; path = Page.swift; sourceTree = "<group>"; };
		41C625A53032B31E00602223 /* HomeService.swift */ = {isa = PBXFileReference; lastKnownFileType = sourcecode.swift; path = HomeService.swift; sourceTree = "<group>"; };
		41C625AD3032B3BE00602223 /* Api.swift */ = {isa = PBXFileReference; lastKnownFileType = sourcecode.swift; path = Api.swift; sourceTree = "<group>"; };
		41C625B23032B9D300602223 /* Int+Extension.swift */ = {isa = PBXFileReference; lastKnownFileType = sourcecode.swift; path = "Int+Extension.swift"; sourceTree = "<group>"; };
		41C625B73032BBAD00602223 /* HotKey.json */ = {isa = PBXFileReference; lastKnownFileType = text.json; path = HotKey.json; sourceTree = "<group>"; };
		41C625BC3032BD1200602223 /* Provider.swift */ = {isa = PBXFileReference; lastKnownFileType = sourcecode.swift; path = Provider.swift; sourceTree = "<group>"; };
		41C625C43032BDC100602223 /* ResponseInterceptorPlugin.swift */ = {isa = PBXFileReference; lastKnownFileType = sourcecode.swift; path = ResponseInterceptorPlugin.swift; sourceTree = "<group>"; };
		41C625C93032BE4700602223 /* HUD.swift */ = {isa = PBXFileReference; lastKnownFileType = sourcecode.swift; path = HUD.swift; sourceTree = "<group>"; };
		41C625CE3032BFAA00602223 /* ResponseCachePlugin.swift */ = {isa = PBXFileReference; lastKnownFileType = sourcecode.swift; path = ResponseCachePlugin.swift; sourceTree = "<group>"; };
		41C625D33032E58800602223 /* MockService.swift */ = {isa = PBXFileReference; lastKnownFileType = sourcecode.swift; path = MockService.swift; sourceTree = "<group>"; };
		41C625D83032F08400602223 /* InfoCell.swift */ = {isa = PBXFileReference; lastKnownFileType = sourcecode.swift; path = InfoCell.swift; sourceTree = "<group>"; };
		41C625DF3032F48600602223 /* String+Extension.swift */ = {isa = PBXFileReference; lastKnownFileType = sourcecode.swift; path = "String+Extension.swift"; sourceTree = "<group>"; };
		41C625E43033A00000602223 /* HomeBannerView.swift */ = {isa = PBXFileReference; lastKnownFileType = sourcecode.swift; path = HomeBannerView.swift; sourceTree = "<group>"; };
		41C626313034467B00602223 /* WebViewController.swift */ = {isa = PBXFileReference; lastKnownFileType = sourcecode.swift; path = WebViewController.swift; sourceTree = "<group>"; };
		41C626393034474600602223 /* WeakScriptMessageDelegate.swift */ = {isa = PBXFileReference; lastKnownFileType = sourcecode.swift; path = WeakScriptMessageDelegate.swift; sourceTree = "<group>"; };
		41C6263E3034477D00602223 /* WebViewModel.swift */ = {isa = PBXFileReference; lastKnownFileType = sourcecode.swift; path = WebViewModel.swift; sourceTree = "<group>"; };
		41C626433034479500602223 /* CopyActivity.swift */ = {isa = PBXFileReference; lastKnownFileType = sourcecode.swift; path = CopyActivity.swift; sourceTree = "<group>"; };
		41C626443034479500602223 /* SafariActivity.swift */ = {isa = PBXFileReference; lastKnownFileType = sourcecode.swift; path = SafariActivity.swift; sourceTree = "<group>"; };
		41C6264A303447AB00602223 /* CollectActionType.swift */ = {isa = PBXFileReference; lastKnownFileType = sourcecode.swift; path = CollectActionType.swift; sourceTree = "<group>"; };
		41C6264B303447AB00602223 /* ScriptMessageHandlerType.swift */ = {isa = PBXFileReference; lastKnownFileType = sourcecode.swift; path = ScriptMessageHandlerType.swift; sourceTree = "<group>"; };
		41C6264C303447AB00602223 /* ShareType.swift */ = {isa = PBXFileReference; lastKnownFileType = sourcecode.swift; path = ShareType.swift; sourceTree = "<group>"; };
		41C6265830344A1700602223 /* AccountInfo.swift */ = {isa = PBXFileReference; lastKnownFileType = sourcecode.swift; path = AccountInfo.swift; sourceTree = "<group>"; };
		41C6266830344AD500602223 /* NSURLProtocol+WKWebVIew.h */ = {isa = PBXFileReference; lastKnownFileType = sourcecode.c.h; path = "NSURLProtocol+WKWebVIew.h"; sourceTree = "<group>"; };
		41C6266930344AD500602223 /* NSURLProtocol+WKWebVIew.m */ = {isa = PBXFileReference; lastKnownFileType = sourcecode.c.objc; path = "NSURLProtocol+WKWebVIew.m"; sourceTree = "<group>"; };
		41C6266B30344AD700602223 /* RxResearch-Bridging-Header.h */ = {isa = PBXFileReference; lastKnownFileType = sourcecode.c.h; path = "RxResearch-Bridging-Header.h"; sourceTree = "<group>"; };
		41C6267330344C3A00602223 /* OtherApp.swift */ = {isa = PBXFileReference; lastKnownFileType = sourcecode.swift; path = OtherApp.swift; sourceTree = "<group>"; };
		41C6267A30344CE700602223 /* open.js */ = {isa = PBXFileReference; lastKnownFileType = sourcecode.javascript; path = open.js; sourceTree = "<group>"; };
		41C6268130344E0100602223 /* MyService.swift */ = {isa = PBXFileReference; lastKnownFileType = sourcecode.swift; path = MyService.swift; sourceTree = "<group>"; };
		41C6268630344F9300602223 /* Dictionary+Extension.swift */ = {isa = PBXFileReference; lastKnownFileType = sourcecode.swift; path = "Dictionary+Extension.swift"; sourceTree = "<group>"; };
		41C6269B30353B8F00602223 /* HotKeyFlexBoxViewController.swift */ = {isa = PBXFileReference; lastKnownFileType = sourcecode.swift; path = HotKeyFlexBoxViewController.swift; sourceTree = "<group>"; };
		41C626A030353C7900602223 /* Theme.swift */ = {isa = PBXFileReference; lastKnownFileType = sourcecode.swift; path = Theme.swift; sourceTree = "<group>"; };
		41C626B730354F8E00602223 /* KeyRouter.swift */ = {isa = PBXFileReference; lastKnownFileType = sourcecode.swift; path = KeyRouter.swift; sourceTree = "<group>"; };
		41C626BD3035574F00602223 /* PollingNetworkRequester.swift */ = {isa = PBXFileReference; lastKnownFileType = sourcecode.swift; path = PollingNetworkRequester.swift; sourceTree = "<group>"; };
		41E23E08302ABC6C004D96C7 /* UIColor+Extension.swift */ = {isa = PBXFileReference; lastKnownFileType = sourcecode.swift; path = "UIColor+Extension.swift"; sourceTree = "<group>"; };
		41E23E0B302ACA97004D96C7 /* BaseNavigationController.swift */ = {isa = PBXFileReference; lastKnownFileType = sourcecode.swift; path = BaseNavigationController.swift; sourceTree = "<group>"; };
		41E23E0E302AF2D2004D96C7 /* TabType.swift */ = {isa = PBXFileReference; lastKnownFileType = sourcecode.swift; path = TabType.swift; sourceTree = "<group>"; };
		41E23E1F302AF491004D96C7 /* HomeViewController.swift */ = {isa = PBXFileReference; lastKnownFileType = sourcecode.swift; path = HomeViewController.swift; sourceTree = "<group>"; };
		41E23E21302AF4AC004D96C7 /* TabsViewController.swift */ = {isa = PBXFileReference; lastKnownFileType = sourcecode.swift; path = TabsViewController.swift; sourceTree = "<group>"; };
		41E23E23302AF4BD004D96C7 /* TreeViewController.swift */ = {isa = PBXFileReference; lastKnownFileType = sourcecode.swift; path = TreeViewController.swift; sourceTree = "<group>"; };
		41E23E25302AF4D4004D96C7 /* MyViewController.swift */ = {isa = PBXFileReference; lastKnownFileType = sourcecode.swift; path = MyViewController.swift; sourceTree = "<group>"; };
/* End PBXFileReference section */

/* Begin PBXFrameworksBuildPhase section */
		410E500330295C88007F7567 /* Frameworks */ = {
			isa = PBXFrameworksBuildPhase;
			buildActionMask = 2147483647;
			files = (
				50BC48BDBF750D52624455EA /* Pods_RxResearch.framework in Frameworks */,
				413AD827302B02DA00771C91 /* RswiftLibrary in Frameworks */,
				41E23E2C302AFB84004D96C7 /* RswiftLibrary in Frameworks */,
				413AD824302B020000771C91 /* RswiftLibrary in Frameworks */,
			);
			runOnlyForDeploymentPostprocessing = 0;
		};
/* End PBXFrameworksBuildPhase section */

/* Begin PBXGroup section */
		14DB0D840D9E50373A145917 /* Pods */ = {
			isa = PBXGroup;
			children = (
				2D934E4D261F91083B0D908A /* Pods-RxResearch.debug.xcconfig */,
				39E2FDECC53E4F33388A136C /* Pods-RxResearch.release.xcconfig */,
			);
			path = Pods;
			sourceTree = "<group>";
		};
		410E4FFD30295C88007F7567 = {
			isa = PBXGroup;
			children = (
				410E503730295ED7007F7567 /* RxResearch */,
				410E500730295C88007F7567 /* Products */,
				14DB0D840D9E50373A145917 /* Pods */,
				E17B407A8B534EEA32DF1D5F /* Frameworks */,
			);
			sourceTree = "<group>";
		};
		410E500730295C88007F7567 /* Products */ = {
			isa = PBXGroup;
			children = (
				410E500630295C88007F7567 /* RxResearch.app */,
			);
			name = Products;
			sourceTree = "<group>";
		};
		410E503730295ED7007F7567 /* RxResearch */ = {
			isa = PBXGroup;
			children = (
				41C6257F3032A8D900602223 /* HttpRequest */,
				411C91D33029836100625E82 /* Account */,
				41E23E10302AF3AB004D96C7 /* Home */,
				41E23E15302AF3F4004D96C7 /* Tabs */,
				41E23E1A302AF455004D96C7 /* My */,
				41C626273034457F00602223 /* WebView */,
				41E23E0A302ACA8A004D96C7 /* Base */,
				411C91E73029C94700625E82 /* Constant */,
				411C91B53029641900625E82 /* Extension */,
				411C91E43029C60A00625E82 /* JSONS */,
				41C6267830344CD100602223 /* JavaScript */,
				411C91C6302976C300625E82 /* Log */,
				4197E332302C530900A4A9FA /* Libs */,
				410E502F30295ED7007F7567 /* Assets.xcassets */,
				410E503030295ED7007F7567 /* Info.plist */,
				410E503230295ED7007F7567 /* LaunchScreen.storyboard */,
				410E502E30295ED7007F7567 /* AppDelegate.swift */,
				410E503530295ED7007F7567 /* SceneDelegate.swift */,
				410E503630295ED7007F7567 /* MainTabBarController.swift */,
				41E23E0E302AF2D2004D96C7 /* TabType.swift */,
				41C6266B30344AD700602223 /* RxResearch-Bridging-Header.h */,
			);
			path = RxResearch;
			sourceTree = "<group>";
		};
		411C91B53029641900625E82 /* Extension */ = {
			isa = PBXGroup;
			children = (
				411C91D93029A22300625E82 /* Utils */,
				41C6265F30344AA100602223 /* NSURLProtocol+WKWebVIew */,
				411C91BD30296FCA00625E82 /* AlamofireNetworkActivityLogger */,
				411C91B63029643000625E82 /* AppDelegate+Extension */,
				4197E380302D70A900A4A9FA /* ViewModel+Plus */,
				4197E38D302D76B100A4A9FA /* MJRefresh+RxSwift */,
				411C91B93029684300625E82 /* SVProgressHUD+Extension.swift */,
				411C91BB302969F900625E82 /* UITraitCollection+Extension.swift */,
				411C91EE3029D87A00625E82 /* UIApplication+Extension.swift */,
				411C91C2302972E000625E82 /* Collection+Extension.swift */,
				41E23E08302ABC6C004D96C7 /* UIColor+Extension.swift */,
				4197E34E302C5BE500A4A9FA /* NSObject+Extension.swift */,
				4197E357302C65DC00A4A9FA /* ObserverType+Extension.swift */,
				4197E362302C709800A4A9FA /* UINavigationController+Extension.swift */,
				41C625B23032B9D300602223 /* Int+Extension.swift */,
				41C625DF3032F48600602223 /* String+Extension.swift */,
				41C6268630344F9300602223 /* Dictionary+Extension.swift */,
			);
			path = Extension;
			sourceTree = "<group>";
		};
		411C91B63029643000625E82 /* AppDelegate+Extension */ = {
			isa = PBXGroup;
			children = (
				411C91B73029657A00625E82 /* AppDelegate+Extension.swift */,
				411C91C03029710B00625E82 /* AppDelegate+CrashConfig.swift */,
				411C91C4302974A800625E82 /* AppDelegate+LogConfig.swift */,
				411C91CD3029803A00625E82 /* AppDelegate+RouterConfig.swift */,
				411C91D13029824A00625E82 /* AppDelegate+NetworkConfig.swift */,
				411C91DC3029C03000625E82 /* AppDelegate+ScreenCapture.swift */,
				411C91DE3029C25D00625E82 /* AppDelegate+SecurityConfig.swift */,
				411C91EC3029D68B00625E82 /* AppDelegate+Debug.swift */,
			);
			path = "AppDelegate+Extension";
			sourceTree = "<group>";
		};
		411C91BD30296FCA00625E82 /* AlamofireNetworkActivityLogger */ = {
			isa = PBXGroup;
			children = (
				411C91BE30296FDC00625E82 /* NetworkActivityLogger.swift */,
			);
			path = AlamofireNetworkActivityLogger;
			sourceTree = "<group>";
		};
		411C91C6302976C300625E82 /* Log */ = {
			isa = PBXGroup;
			children = (
				411C91CF302980C200625E82 /* LogUtils.swift */,
				411C91CB30297C9000625E82 /* CustomLogFormatter.swift */,
				411C91C7302976CE00625E82 /* CustomLogFileManager.swift */,
			);
			path = Log;
			sourceTree = "<group>";
		};
		411C91D33029836100625E82 /* Account */ = {
			isa = PBXGroup;
			children = (
				413AD841302B1FBB00771C91 /* View */,
				411C91D43029837900625E82 /* Manager */,
			);
			path = Account;
			sourceTree = "<group>";
		};
		411C91D43029837900625E82 /* Manager */ = {
			isa = PBXGroup;
			children = (
				411C91D53029838D00625E82 /* AccountManager.swift */,
				411C91D7302983C300625E82 /* AccountManageable.swift */,
			);
			path = Manager;
			sourceTree = "<group>";
		};
		411C91D93029A22300625E82 /* Utils */ = {
			isa = PBXGroup;
			children = (
				411C91DA3029A23400625E82 /* NetworkMonitor.swift */,
				411C91E03029C2B200625E82 /* KeyConstants.swift */,
				4197E349302C57CA00A4A9FA /* ExBehaviorRelay.swift */,
				4197E36E302D66B600A4A9FA /* TypeNameProtocol.swift */,
				41C625C93032BE4700602223 /* HUD.swift */,
				41C626B730354F8E00602223 /* KeyRouter.swift */,
				41C626BD3035574F00602223 /* PollingNetworkRequester.swift */,
			);
			path = Utils;
			sourceTree = "<group>";
		};
		411C91E43029C60A00625E82 /* JSONS */ = {
			isa = PBXGroup;
			children = (
				41C625B73032BBAD00602223 /* HotKey.json */,
			);
			path = JSONS;
			sourceTree = "<group>";
		};
		411C91E73029C94700625E82 /* Constant */ = {
			isa = PBXGroup;
			children = (
				411C91E83029C95200625E82 /* Constant.swift */,
			);
			path = Constant;
			sourceTree = "<group>";
		};
		413AD841302B1FBB00771C91 /* View */ = {
			isa = PBXGroup;
			children = (
				413AD845302B1FF800771C91 /* GrayModeView.swift */,
			);
			path = View;
			sourceTree = "<group>";
		};
		4197E332302C530900A4A9FA /* Libs */ = {
			isa = PBXGroup;
			children = (
				4197E33A302C532B00A4A9FA /* EmptyDataSet-Swift */,
			);
			path = Libs;
			sourceTree = "<group>";
		};
		4197E33A302C532B00A4A9FA /* EmptyDataSet-Swift */ = {
			isa = PBXGroup;
			children = (
				4197E335302C532B00A4A9FA /* EmptyDataSet.swift */,
				4197E336302C532B00A4A9FA /* EmptyDataSetDelegate.swift */,
				4197E337302C532B00A4A9FA /* EmptyDataSetSource.swift */,
				4197E338302C532B00A4A9FA /* EmptyDataSetView.swift */,
				4197E339302C532B00A4A9FA /* EmptyDataSetView+Extension.swift */,
			);
			path = "EmptyDataSet-Swift";
			sourceTree = "<group>";
		};
		4197E380302D70A900A4A9FA /* ViewModel+Plus */ = {
			isa = PBXGroup;
			children = (
				4197E383302D70BC00A4A9FA /* ViewModelProtocol.swift */,
			);
			path = "ViewModel+Plus";
			sourceTree = "<group>";
		};
		4197E38D302D76B100A4A9FA /* MJRefresh+RxSwift */ = {
			isa = PBXGroup;
			children = (
				4197E388302D76A800A4A9FA /* MJRefresh+RxSwift.swift */,
				41C6257A3032A5C300602223 /* UIScrollView+RxSwift.swift */,
			);
			path = "MJRefresh+RxSwift";
			sourceTree = "<group>";
		};
		41C6257F3032A8D900602223 /* HttpRequest */ = {
			isa = PBXGroup;
			children = (
				41C625C13032BDAE00602223 /* Plugin */,
				41C625AA3032B3A900602223 /* Api */,
				41C625A13032B2D400602223 /* Service */,
				41C625833032A8E700602223 /* Model */,
			);
			path = HttpRequest;
			sourceTree = "<group>";
		};
		41C625833032A8E700602223 /* Model */ = {
			isa = PBXGroup;
			children = (
				41C625963032AE0400602223 /* BaseModel.swift */,
				41C625873032A8F200602223 /* Info.swift */,
				41C625913032AA5400602223 /* Banner.swift */,
				41C6259C3032AECF00602223 /* Page.swift */,
				41C6258C3032A93F00602223 /* WebLoadInfo.swift */,
				41C6265830344A1700602223 /* AccountInfo.swift */,
			);
			path = Model;
			sourceTree = "<group>";
		};
		41C625A13032B2D400602223 /* Service */ = {
			isa = PBXGroup;
			children = (
				41C625BC3032BD1200602223 /* Provider.swift */,
				41C625A53032B31E00602223 /* HomeService.swift */,
				41C625D33032E58800602223 /* MockService.swift */,
				41C6268130344E0100602223 /* MyService.swift */,
			);
			path = Service;
			sourceTree = "<group>";
		};
		41C625AA3032B3A900602223 /* Api */ = {
			isa = PBXGroup;
			children = (
				41C625AD3032B3BE00602223 /* Api.swift */,
			);
			path = Api;
			sourceTree = "<group>";
		};
		41C625C13032BDAE00602223 /* Plugin */ = {
			isa = PBXGroup;
			children = (
				41C625C43032BDC100602223 /* ResponseInterceptorPlugin.swift */,
				41C625CE3032BFAA00602223 /* ResponseCachePlugin.swift */,
			);
			path = Plugin;
			sourceTree = "<group>";
		};
		41C626273034457F00602223 /* WebView */ = {
			isa = PBXGroup;
			children = (
				41C6262B3034466200602223 /* Controller */,
				41C6262C3034466200602223 /* Enum */,
				41C6262D3034466200602223 /* View */,
				41C6262E3034466200602223 /* ViewModel */,
			);
			path = WebView;
			sourceTree = "<group>";
		};
		41C6262B3034466200602223 /* Controller */ = {
			isa = PBXGroup;
			children = (
				41C626313034467B00602223 /* WebViewController.swift */,
				41C626393034474600602223 /* WeakScriptMessageDelegate.swift */,
			);
			path = Controller;
			sourceTree = "<group>";
		};
		41C6262C3034466200602223 /* Enum */ = {
			isa = PBXGroup;
			children = (
				41C6264A303447AB00602223 /* CollectActionType.swift */,
				41C6264B303447AB00602223 /* ScriptMessageHandlerType.swift */,
				41C6264C303447AB00602223 /* ShareType.swift */,
			);
			path = Enum;
			sourceTree = "<group>";
		};
		41C6262D3034466200602223 /* View */ = {
			isa = PBXGroup;
			children = (
				41C626433034479500602223 /* CopyActivity.swift */,
				41C626443034479500602223 /* SafariActivity.swift */,
			);
			path = View;
			sourceTree = "<group>";
		};
		41C6262E3034466200602223 /* ViewModel */ = {
			isa = PBXGroup;
			children = (
				41C6263E3034477D00602223 /* WebViewModel.swift */,
			);
			path = ViewModel;
			sourceTree = "<group>";
		};
		41C6265F30344AA100602223 /* NSURLProtocol+WKWebVIew */ = {
			isa = PBXGroup;
			children = (
				41C6266830344AD500602223 /* NSURLProtocol+WKWebVIew.h */,
				41C6266930344AD500602223 /* NSURLProtocol+WKWebVIew.m */,
			);
			path = "NSURLProtocol+WKWebVIew";
			sourceTree = "<group>";
		};
		41C6267830344CD100602223 /* JavaScript */ = {
			isa = PBXGroup;
			children = (
				41C6267A30344CE700602223 /* open.js */,
			);
			path = JavaScript;
			sourceTree = "<group>";
		};
		41E23E0A302ACA8A004D96C7 /* Base */ = {
			isa = PBXGroup;
			children = (
				4197E32A302C1A8400A4A9FA /* BaseViewController.swift */,
				4197E32C302C22ED00A4A9FA /* BaseTableViewController.swift */,
				4197E369302D595500A4A9FA /* BaseViewModel.swift */,
				413AD836302B19E600771C91 /* TabBarVCChildrenRefreshProtocol.swift */,
				41E23E0B302ACA97004D96C7 /* BaseNavigationController.swift */,
				41C626A030353C7900602223 /* Theme.swift */,
			);
			path = Base;
			sourceTree = "<group>";
		};
		41E23E10302AF3AB004D96C7 /* Home */ = {
			isa = PBXGroup;
			children = (
				41E23E11302AF3ED004D96C7 /* Controller */,
				41E23E12302AF3ED004D96C7 /* Enum */,
				41E23E13302AF3ED004D96C7 /* View */,
				41E23E14302AF3ED004D96C7 /* ViewModel */,
			);
			path = Home;
			sourceTree = "<group>";
		};
		41E23E11302AF3ED004D96C7 /* Controller */ = {
			isa = PBXGroup;
			children = (
				41E23E1F302AF491004D96C7 /* HomeViewController.swift */,
				41C6269B30353B8F00602223 /* HotKeyFlexBoxViewController.swift */,
			);
			path = Controller;
			sourceTree = "<group>";
		};
		41E23E12302AF3ED004D96C7 /* Enum */ = {
			isa = PBXGroup;
			children = (
				41C6267330344C3A00602223 /* OtherApp.swift */,
			);
			path = Enum;
			sourceTree = "<group>";
		};
		41E23E13302AF3ED004D96C7 /* View */ = {
			isa = PBXGroup;
			children = (
				41C625E43033A00000602223 /* HomeBannerView.swift */,
				41C625D83032F08400602223 /* InfoCell.swift */,
			);
			path = View;
			sourceTree = "<group>";
		};
		41E23E14302AF3ED004D96C7 /* ViewModel */ = {
			isa = PBXGroup;
			children = (
				4197E373302D6F9700A4A9FA /* HomeViewModel.swift */,
			);
			path = ViewModel;
			sourceTree = "<group>";
		};
		41E23E15302AF3F4004D96C7 /* Tabs */ = {
			isa = PBXGroup;
			children = (
				41E23E16302AF416004D96C7 /* Controller */,
				41E23E17302AF416004D96C7 /* Enum */,
				41E23E18302AF416004D96C7 /* View */,
				41E23E19302AF416004D96C7 /* ViewModel */,
			);
			path = Tabs;
			sourceTree = "<group>";
		};
		41E23E16302AF416004D96C7 /* Controller */ = {
			isa = PBXGroup;
			children = (
				41E23E21302AF4AC004D96C7 /* TabsViewController.swift */,
				41E23E23302AF4BD004D96C7 /* TreeViewController.swift */,
			);
			path = Controller;
			sourceTree = "<group>";
		};
		41E23E17302AF416004D96C7 /* Enum */ = {
			isa = PBXGroup;
			children = (
			);
			path = Enum;
			sourceTree = "<group>";
		};
		41E23E18302AF416004D96C7 /* View */ = {
			isa = PBXGroup;
			children = (
			);
			path = View;
			sourceTree = "<group>";
		};
		41E23E19302AF416004D96C7 /* ViewModel */ = {
			isa = PBXGroup;
			children = (
			);
			path = ViewModel;
			sourceTree = "<group>";
		};
		41E23E1A302AF455004D96C7 /* My */ = {
			isa = PBXGroup;
			children = (
				41E23E1B302AF460004D96C7 /* Controller */,
				41E23E1C302AF460004D96C7 /* Enum */,
				41E23E1D302AF460004D96C7 /* View */,
				41E23E1E302AF460004D96C7 /* ViewModel */,
			);
			path = My;
			sourceTree = "<group>";
		};
		41E23E1B302AF460004D96C7 /* Controller */ = {
			isa = PBXGroup;
			children = (
				41E23E25302AF4D4004D96C7 /* MyViewController.swift */,
			);
			path = Controller;
			sourceTree = "<group>";
		};
		41E23E1C302AF460004D96C7 /* Enum */ = {
			isa = PBXGroup;
			children = (
			);
			path = Enum;
			sourceTree = "<group>";
		};
		41E23E1D302AF460004D96C7 /* View */ = {
			isa = PBXGroup;
			children = (
			);
			path = View;
			sourceTree = "<group>";
		};
		41E23E1E302AF460004D96C7 /* ViewModel */ = {
			isa = PBXGroup;
			children = (
			);
			path = ViewModel;
			sourceTree = "<group>";
		};
		E17B407A8B534EEA32DF1D5F /* Frameworks */ = {
			isa = PBXGroup;
			children = (
				1B2F016E294839C2A0210EB8 /* Pods_RxResearch.framework */,
			);
			name = Frameworks;
			sourceTree = "<group>";
		};
/* End PBXGroup section */

/* Begin PBXNativeTarget section */
		410E500530295C88007F7567 /* RxResearch */ = {
			isa = PBXNativeTarget;
			buildConfigurationList = 410E501930295C89007F7567 /* Build configuration list for PBXNativeTarget "RxResearch" */;
			buildPhases = (
				D32E924C75BE9055371031F7 /* [CP] Check Pods Manifest.lock */,
				410E500230295C88007F7567 /* Sources */,
				410E500330295C88007F7567 /* Frameworks */,
				410E500430295C88007F7567 /* Resources */,
				7B52BF01CF3467EF05D291A0 /* [CP] Embed Pods Frameworks */,
			);
			buildRules = (
			);
			dependencies = (
				413AD829302B02EC00771C91 /* PBXTargetDependency */,
			);
			name = RxResearch;
			productName = RxResearch;
			productReference = 410E500630295C88007F7567 /* RxResearch.app */;
			productType = "com.apple.product-type.application";
		};
/* End PBXNativeTarget section */

/* Begin PBXProject section */
		410E4FFE30295C88007F7567 /* Project object */ = {
			isa = PBXProject;
			attributes = {
				BuildIndependentTargetsInParallel = 1;
				LastSwiftUpdateCheck = 2660;
				LastUpgradeCheck = 2660;
				TargetAttributes = {
					410E500530295C88007F7567 = {
						CreatedOnToolsVersion = 26.6;
						LastSwiftMigration = 2660;
					};
				};
			};
			buildConfigurationList = 410E500130295C88007F7567 /* Build configuration list for PBXProject "RxResearch" */;
			developmentRegion = en;
			hasScannedForEncodings = 0;
			knownRegions = (
				en,
				Base,
			);
			mainGroup = 410E4FFD30295C88007F7567;
			minimizedProjectReferenceProxies = 1;
			packageReferences = (
				413AD825302B02DA00771C91 /* XCRemoteSwiftPackageReference "R.swift" */,
			);
			preferredProjectObjectVersion = 77;
			productRefGroup = 410E500730295C88007F7567 /* Products */;
			projectDirPath = "";
			projectRoot = "";
			targets = (
				410E500530295C88007F7567 /* RxResearch */,
			);
		};
/* End PBXProject section */

/* Begin PBXResourcesBuildPhase section */
		410E500430295C88007F7567 /* Resources */ = {
			isa = PBXResourcesBuildPhase;
			buildActionMask = 2147483647;
			files = (
				41C6267B30344CE700602223 /* open.js in Resources */,
				41C625B83032BBAD00602223 /* HotKey.json in Resources */,
				410E503830295ED7007F7567 /* Assets.xcassets in Resources */,
				410E503A30295ED7007F7567 /* LaunchScreen.storyboard in Resources */,
			);
			runOnlyForDeploymentPostprocessing = 0;
		};
/* End PBXResourcesBuildPhase section */

/* Begin PBXShellScriptBuildPhase section */
		7B52BF01CF3467EF05D291A0 /* [CP] Embed Pods Frameworks */ = {
			isa = PBXShellScriptBuildPhase;
			buildActionMask = 2147483647;
			files = (
			);
			inputFileListPaths = (
				"${PODS_ROOT}/Target Support Files/Pods-RxResearch/Pods-RxResearch-frameworks-${CONFIGURATION}-input-files.xcfilelist",
			);
			name = "[CP] Embed Pods Frameworks";
			outputFileListPaths = (
				"${PODS_ROOT}/Target Support Files/Pods-RxResearch/Pods-RxResearch-frameworks-${CONFIGURATION}-output-files.xcfilelist",
			);
			runOnlyForDeploymentPostprocessing = 0;
			shellPath = /bin/sh;
			shellScript = "\"${PODS_ROOT}/Target Support Files/Pods-RxResearch/Pods-RxResearch-frameworks.sh\"\n";
			showEnvVarsInLog = 0;
		};
		D32E924C75BE9055371031F7 /* [CP] Check Pods Manifest.lock */ = {
			isa = PBXShellScriptBuildPhase;
			buildActionMask = 2147483647;
			files = (
			);
			inputFileListPaths = (
			);
			inputPaths = (
				"${PODS_PODFILE_DIR_PATH}/Podfile.lock",
				"${PODS_ROOT}/Manifest.lock",
			);
			name = "[CP] Check Pods Manifest.lock";
			outputFileListPaths = (
			);
			outputPaths = (
				"$(DERIVED_FILE_DIR)/Pods-RxResearch-checkManifestLockResult.txt",
			);
			runOnlyForDeploymentPostprocessing = 0;
			shellPath = /bin/sh;
			shellScript = "diff \"${PODS_PODFILE_DIR_PATH}/Podfile.lock\" \"${PODS_ROOT}/Manifest.lock\" > /dev/null\nif [ $? != 0 ] ; then\n    # print error to STDERR\n    echo \"error: The sandbox is not in sync with the Podfile.lock. Run 'pod install' or update your CocoaPods installation.\" >&2\n    exit 1\nfi\n# This output is used by Xcode 'outputs' to avoid re-running this script phase.\necho \"SUCCESS\" > \"${SCRIPT_OUTPUT_FILE_0}\"\n";
			showEnvVarsInLog = 0;
		};
/* End PBXShellScriptBuildPhase section */

/* Begin PBXSourcesBuildPhase section */
		410E500230295C88007F7567 /* Sources */ = {
			isa = PBXSourcesBuildPhase;
			buildActionMask = 2147483647;
			files = (
				41E23E0C302ACA97004D96C7 /* BaseNavigationController.swift in Sources */,
				411C91D8302983C300625E82 /* AccountManageable.swift in Sources */,
				41C625D43032E58800602223 /* MockService.swift in Sources */,
				41E23E22302AF4AC004D96C7 /* TabsViewController.swift in Sources */,
				41C625AE3032B3BE00602223 /* Api.swift in Sources */,
				411C91CC30297C9000625E82 /* CustomLogFormatter.swift in Sources */,
				411C91DD3029C03000625E82 /* AppDelegate+ScreenCapture.swift in Sources */,
				411C91ED3029D68B00625E82 /* AppDelegate+Debug.swift in Sources */,
				411C91D23029824A00625E82 /* AppDelegate+NetworkConfig.swift in Sources */,
				4197E32B302C1A8400A4A9FA /* BaseViewController.swift in Sources */,
				410E503C30295ED7007F7567 /* AppDelegate.swift in Sources */,
				411C91C8302976CE00625E82 /* CustomLogFileManager.swift in Sources */,
				41E23E0F302AF2D2004D96C7 /* TabType.swift in Sources */,
				410E503D30295ED7007F7567 /* SceneDelegate.swift in Sources */,
				411C91B83029657A00625E82 /* AppDelegate+Extension.swift in Sources */,
				41C626BE3035574F00602223 /* PollingNetworkRequester.swift in Sources */,
				41E23E09302ABC6C004D96C7 /* UIColor+Extension.swift in Sources */,
				41C625A63032B31E00602223 /* HomeService.swift in Sources */,
				411C91DB3029A23400625E82 /* NetworkMonitor.swift in Sources */,
				411C91EF3029D87A00625E82 /* UIApplication+Extension.swift in Sources */,
				413AD837302B19E600771C91 /* TabBarVCChildrenRefreshProtocol.swift in Sources */,
				4197E32D302C22ED00A4A9FA /* BaseTableViewController.swift in Sources */,
				41C6269C30353B8F00602223 /* HotKeyFlexBoxViewController.swift in Sources */,
				41C625973032AE0400602223 /* BaseModel.swift in Sources */,
				411C91BF30296FDC00625E82 /* NetworkActivityLogger.swift in Sources */,
				411C91D63029838D00625E82 /* AccountManager.swift in Sources */,
				411C91E13029C2B200625E82 /* KeyConstants.swift in Sources */,
				4197E389302D76A800A4A9FA /* MJRefresh+RxSwift.swift in Sources */,
				411C91BA3029684300625E82 /* SVProgressHUD+Extension.swift in Sources */,
				41C6268230344E0100602223 /* MyService.swift in Sources */,
				4197E36F302D66B600A4A9FA /* TypeNameProtocol.swift in Sources */,
				411C91DF3029C25D00625E82 /* AppDelegate+SecurityConfig.swift in Sources */,
				41E23E20302AF491004D96C7 /* HomeViewController.swift in Sources */,
				41C625E53033A00000602223 /* HomeBannerView.swift in Sources */,
				41E23E26302AF4D4004D96C7 /* MyViewController.swift in Sources */,
				41C6265930344A1700602223 /* AccountInfo.swift in Sources */,
				413AD846302B1FF800771C91 /* GrayModeView.swift in Sources */,
				411C91C5302974A800625E82 /* AppDelegate+LogConfig.swift in Sources */,
				41C6264D303447AB00602223 /* CollectActionType.swift in Sources */,
				41C6264E303447AB00602223 /* ShareType.swift in Sources */,
				41C6264F303447AB00602223 /* ScriptMessageHandlerType.swift in Sources */,
				41E23E24302AF4BD004D96C7 /* TreeViewController.swift in Sources */,
				411C91CE3029803A00625E82 /* AppDelegate+RouterConfig.swift in Sources */,
				411C91BC302969F900625E82 /* UITraitCollection+Extension.swift in Sources */,
				4197E358302C65DC00A4A9FA /* ObserverType+Extension.swift in Sources */,
				41C625883032A8F200602223 /* Info.swift in Sources */,
				41C6268730344F9300602223 /* Dictionary+Extension.swift in Sources */,
				41C6257B3032A5C300602223 /* UIScrollView+RxSwift.swift in Sources */,
				41C6266A30344AD500602223 /* NSURLProtocol+WKWebVIew.m in Sources */,
				4197E384302D70BC00A4A9FA /* ViewModelProtocol.swift in Sources */,
				411C91C13029710B00625E82 /* AppDelegate+CrashConfig.swift in Sources */,
				41C625CF3032BFAA00602223 /* ResponseCachePlugin.swift in Sources */,
				411C91C3302972E000625E82 /* Collection+Extension.swift in Sources */,
				41C6259D3032AECF00602223 /* Page.swift in Sources */,
				411C91E93029C95200625E82 /* Constant.swift in Sources */,
				41C626A130353C7900602223 /* Theme.swift in Sources */,
				41C6267430344C3A00602223 /* OtherApp.swift in Sources */,
				411C91D0302980C200625E82 /* LogUtils.swift in Sources */,
				4197E363302C709800A4A9FA /* UINavigationController+Extension.swift in Sources */,
				41C625BD3032BD1200602223 /* Provider.swift in Sources */,
				41C625923032AA5400602223 /* Banner.swift in Sources */,
				4197E34A302C57CA00A4A9FA /* ExBehaviorRelay.swift in Sources */,
				41C6263A3034474600602223 /* WeakScriptMessageDelegate.swift in Sources */,
				41C625CA3032BE4700602223 /* HUD.swift in Sources */,
				41C6258D3032A93F00602223 /* WebLoadInfo.swift in Sources */,
				410E503E30295ED7007F7567 /* MainTabBarController.swift in Sources */,
				41C626453034479500602223 /* CopyActivity.swift in Sources */,
				41C626463034479500602223 /* SafariActivity.swift in Sources */,
				41C625D93032F08400602223 /* InfoCell.swift in Sources */,
				41C625B33032B9D300602223 /* Int+Extension.swift in Sources */,
				4197E33B302C532B00A4A9FA /* EmptyDataSetView+Extension.swift in Sources */,
				4197E33C302C532B00A4A9FA /* EmptyDataSet.swift in Sources */,
				4197E33D302C532B00A4A9FA /* EmptyDataSetSource.swift in Sources */,
				41C625E03032F48600602223 /* String+Extension.swift in Sources */,
				41C6263F3034477D00602223 /* WebViewModel.swift in Sources */,
				4197E374302D6F9700A4A9FA /* HomeViewModel.swift in Sources */,
				41C625C53032BDC100602223 /* ResponseInterceptorPlugin.swift in Sources */,
				41C626B830354F8E00602223 /* KeyRouter.swift in Sources */,
				4197E36A302D595500A4A9FA /* BaseViewModel.swift in Sources */,
				4197E33E302C532B00A4A9FA /* EmptyDataSetDelegate.swift in Sources */,
				4197E33F302C532B00A4A9FA /* EmptyDataSetView.swift in Sources */,
				41C626323034467B00602223 /* WebViewController.swift in Sources */,
				4197E34F302C5BE500A4A9FA /* NSObject+Extension.swift in Sources */,
			);
			runOnlyForDeploymentPostprocessing = 0;
		};
/* End PBXSourcesBuildPhase section */

/* Begin PBXTargetDependency section */
		413AD829302B02EC00771C91 /* PBXTargetDependency */ = {
			isa = PBXTargetDependency;
			productRef = 413AD828302B02EC00771C91 /* plugin:RswiftGenerateInternalResources */;
		};
/* End PBXTargetDependency section */

/* Begin PBXVariantGroup section */
		410E503230295ED7007F7567 /* LaunchScreen.storyboard */ = {
			isa = PBXVariantGroup;
			children = (
				410E503130295ED7007F7567 /* Base */,
			);
			name = LaunchScreen.storyboard;
			sourceTree = "<group>";
		};
/* End PBXVariantGroup section */

/* Begin XCBuildConfiguration section */
		410E501A30295C89007F7567 /* Debug */ = {
			isa = XCBuildConfiguration;
			baseConfigurationReference = 2D934E4D261F91083B0D908A /* Pods-RxResearch.debug.xcconfig */;
			buildSettings = {
				ASSETCATALOG_COMPILER_APPICON_NAME = AppIcon;
				ASSETCATALOG_COMPILER_GLOBAL_ACCENT_COLOR_NAME = AccentColor;
				CLANG_ENABLE_MODULES = YES;
				CODE_SIGN_STYLE = Automatic;
				CURRENT_PROJECT_VERSION = 1;
				DEVELOPMENT_TEAM = 7V6ZLVLSAB;
				ENABLE_BITCODE = "$(inherited)";
				ENABLE_DEBUG_DYLIB = NO;
				ENABLE_USER_SCRIPT_SANDBOXING = NO;
				GENERATE_INFOPLIST_FILE = YES;
				INFOPLIST_FILE = RxResearch/Info.plist;
				INFOPLIST_KEY_UIApplicationSupportsIndirectInputEvents = YES;
				INFOPLIST_KEY_UILaunchStoryboardName = LaunchScreen;
				INFOPLIST_KEY_UISupportedInterfaceOrientations_iPad = "UIInterfaceOrientationPortrait UIInterfaceOrientationPortraitUpsideDown UIInterfaceOrientationLandscapeLeft UIInterfaceOrientationLandscapeRight";
				INFOPLIST_KEY_UISupportedInterfaceOrientations_iPhone = "UIInterfaceOrientationPortrait UIInterfaceOrientationLandscapeLeft UIInterfaceOrientationLandscapeRight";
				LD_RUNPATH_SEARCH_PATHS = (
					"$(inherited)",
					"@executable_path/Frameworks",
				);
				MARKETING_VERSION = 1.0.0;
				PRODUCT_BUNDLE_IDENTIFIER = hh.RxResearch;
				PRODUCT_NAME = "$(TARGET_NAME)";
				STRING_CATALOG_GENERATE_SYMBOLS = YES;
				SUPPORTED_PLATFORMS = "iphoneos iphonesimulator";
				SUPPORTS_MACCATALYST = NO;
				SUPPORTS_MAC_DESIGNED_FOR_IPHONE_IPAD = NO;
				SUPPORTS_XR_DESIGNED_FOR_IPHONE_IPAD = NO;
				SWIFT_APPROACHABLE_CONCURRENCY = YES;
				SWIFT_DEFAULT_ACTOR_ISOLATION = MainActor;
				SWIFT_EMIT_LOC_STRINGS = YES;
				SWIFT_OBJC_BRIDGING_HEADER = "RxResearch/RxResearch-Bridging-Header.h";
				SWIFT_OPTIMIZATION_LEVEL = "-Onone";
				SWIFT_UPCOMING_FEATURE_MEMBER_IMPORT_VISIBILITY = YES;
				SWIFT_VERSION = 5.0;
				TARGETED_DEVICE_FAMILY = 1;
			};
			name = Debug;
		};
		410E501B30295C89007F7567 /* Release */ = {
			isa = XCBuildConfiguration;
			baseConfigurationReference = 39E2FDECC53E4F33388A136C /* Pods-RxResearch.release.xcconfig */;
			buildSettings = {
				ASSETCATALOG_COMPILER_APPICON_NAME = AppIcon;
				ASSETCATALOG_COMPILER_GLOBAL_ACCENT_COLOR_NAME = AccentColor;
				CLANG_ENABLE_MODULES = YES;
				CODE_SIGN_STYLE = Automatic;
				CURRENT_PROJECT_VERSION = 1;
				DEVELOPMENT_TEAM = 7V6ZLVLSAB;
				ENABLE_BITCODE = "$(inherited)";
				ENABLE_DEBUG_DYLIB = NO;
				ENABLE_USER_SCRIPT_SANDBOXING = NO;
				GENERATE_INFOPLIST_FILE = YES;
				INFOPLIST_FILE = RxResearch/Info.plist;
				INFOPLIST_KEY_UIApplicationSupportsIndirectInputEvents = YES;
				INFOPLIST_KEY_UILaunchStoryboardName = LaunchScreen;
				INFOPLIST_KEY_UISupportedInterfaceOrientations_iPad = "UIInterfaceOrientationPortrait UIInterfaceOrientationPortraitUpsideDown UIInterfaceOrientationLandscapeLeft UIInterfaceOrientationLandscapeRight";
				INFOPLIST_KEY_UISupportedInterfaceOrientations_iPhone = "UIInterfaceOrientationPortrait UIInterfaceOrientationLandscapeLeft UIInterfaceOrientationLandscapeRight";
				LD_RUNPATH_SEARCH_PATHS = (
					"$(inherited)",
					"@executable_path/Frameworks",
				);
				MARKETING_VERSION = 1.0.0;
				PRODUCT_BUNDLE_IDENTIFIER = hh.RxResearch;
				PRODUCT_NAME = "$(TARGET_NAME)";
				STRING_CATALOG_GENERATE_SYMBOLS = YES;
				SUPPORTED_PLATFORMS = "iphoneos iphonesimulator";
				SUPPORTS_MACCATALYST = NO;
				SUPPORTS_MAC_DESIGNED_FOR_IPHONE_IPAD = NO;
				SUPPORTS_XR_DESIGNED_FOR_IPHONE_IPAD = NO;
				SWIFT_APPROACHABLE_CONCURRENCY = YES;
				SWIFT_DEFAULT_ACTOR_ISOLATION = MainActor;
				SWIFT_EMIT_LOC_STRINGS = YES;
				SWIFT_OBJC_BRIDGING_HEADER = "RxResearch/RxResearch-Bridging-Header.h";
				SWIFT_UPCOMING_FEATURE_MEMBER_IMPORT_VISIBILITY = YES;
				SWIFT_VERSION = 5.0;
				TARGETED_DEVICE_FAMILY = 1;
			};
			name = Release;
		};
		410E501C30295C89007F7567 /* Debug */ = {
			isa = XCBuildConfiguration;
			buildSettings = {
				ALWAYS_SEARCH_USER_PATHS = NO;
				ASSETCATALOG_COMPILER_GENERATE_SWIFT_ASSET_SYMBOL_EXTENSIONS = YES;
				CLANG_ANALYZER_NONNULL = YES;
				CLANG_ANALYZER_NUMBER_OBJECT_CONVERSION = YES_AGGRESSIVE;
				CLANG_CXX_LANGUAGE_STANDARD = "gnu++20";
				CLANG_ENABLE_MODULES = YES;
				CLANG_ENABLE_OBJC_ARC = YES;
				CLANG_ENABLE_OBJC_WEAK = YES;
				CLANG_WARN_BLOCK_CAPTURE_AUTORELEASING = YES;
				CLANG_WARN_BOOL_CONVERSION = YES;
				CLANG_WARN_COMMA = YES;
				CLANG_WARN_CONSTANT_CONVERSION = YES;
				CLANG_WARN_DEPRECATED_OBJC_IMPLEMENTATIONS = YES;
				CLANG_WARN_DIRECT_OBJC_ISA_USAGE = YES_ERROR;
				CLANG_WARN_DOCUMENTATION_COMMENTS = YES;
				CLANG_WARN_EMPTY_BODY = YES;
				CLANG_WARN_ENUM_CONVERSION = YES;
				CLANG_WARN_INFINITE_RECURSION = YES;
				CLANG_WARN_INT_CONVERSION = YES;
				CLANG_WARN_NON_LITERAL_NULL_CONVERSION = YES;
				CLANG_WARN_OBJC_IMPLICIT_RETAIN_SELF = YES;
				CLANG_WARN_OBJC_LITERAL_CONVERSION = YES;
				CLANG_WARN_OBJC_ROOT_CLASS = YES_ERROR;
				CLANG_WARN_QUOTED_INCLUDE_IN_FRAMEWORK_HEADER = YES;
				CLANG_WARN_RANGE_LOOP_ANALYSIS = YES;
				CLANG_WARN_STRICT_PROTOTYPES = YES;
				CLANG_WARN_SUSPICIOUS_MOVE = YES;
				CLANG_WARN_UNGUARDED_AVAILABILITY = YES_AGGRESSIVE;
				CLANG_WARN_UNREACHABLE_CODE = YES;
				CLANG_WARN__DUPLICATE_METHOD_MATCH = YES;
				COPY_PHASE_STRIP = NO;
				DEBUG_INFORMATION_FORMAT = dwarf;
				DEVELOPMENT_TEAM = 7V6ZLVLSAB;
				ENABLE_STRICT_OBJC_MSGSEND = YES;
				ENABLE_TESTABILITY = YES;
				ENABLE_USER_SCRIPT_SANDBOXING = YES;
				GCC_C_LANGUAGE_STANDARD = gnu17;
				GCC_DYNAMIC_NO_PIC = NO;
				GCC_NO_COMMON_BLOCKS = YES;
				GCC_OPTIMIZATION_LEVEL = 0;
				GCC_PREPROCESSOR_DEFINITIONS = (
					"DEBUG=1",
					"$(inherited)",
				);
				GCC_WARN_64_TO_32_BIT_CONVERSION = YES;
				GCC_WARN_ABOUT_RETURN_TYPE = YES_ERROR;
				GCC_WARN_UNDECLARED_SELECTOR = YES;
				GCC_WARN_UNINITIALIZED_AUTOS = YES_AGGRESSIVE;
				GCC_WARN_UNUSED_FUNCTION = YES;
				GCC_WARN_UNUSED_VARIABLE = YES;
				IPHONEOS_DEPLOYMENT_TARGET = 26.5;
				LOCALIZATION_PREFERS_STRING_CATALOGS = YES;
				MTL_ENABLE_DEBUG_INFO = INCLUDE_SOURCE;
				MTL_FAST_MATH = YES;
				ONLY_ACTIVE_ARCH = YES;
				SDKROOT = iphoneos;
				SWIFT_ACTIVE_COMPILATION_CONDITIONS = "DEBUG $(inherited)";
				SWIFT_OPTIMIZATION_LEVEL = "-Onone";
			};
			name = Debug;
		};
		410E501D30295C89007F7567 /* Release */ = {
			isa = XCBuildConfiguration;
			buildSettings = {
				ALWAYS_SEARCH_USER_PATHS = NO;
				ASSETCATALOG_COMPILER_GENERATE_SWIFT_ASSET_SYMBOL_EXTENSIONS = YES;
				CLANG_ANALYZER_NONNULL = YES;
				CLANG_ANALYZER_NUMBER_OBJECT_CONVERSION = YES_AGGRESSIVE;
				CLANG_CXX_LANGUAGE_STANDARD = "gnu++20";
				CLANG_ENABLE_MODULES = YES;
				CLANG_ENABLE_OBJC_ARC = YES;
				CLANG_ENABLE_OBJC_WEAK = YES;
				CLANG_WARN_BLOCK_CAPTURE_AUTORELEASING = YES;
				CLANG_WARN_BOOL_CONVERSION = YES;
				CLANG_WARN_COMMA = YES;
				CLANG_WARN_CONSTANT_CONVERSION = YES;
				CLANG_WARN_DEPRECATED_OBJC_IMPLEMENTATIONS = YES;
				CLANG_WARN_DIRECT_OBJC_ISA_USAGE = YES_ERROR;
				CLANG_WARN_DOCUMENTATION_COMMENTS = YES;
				CLANG_WARN_EMPTY_BODY = YES;
				CLANG_WARN_ENUM_CONVERSION = YES;
				CLANG_WARN_INFINITE_RECURSION = YES;
				CLANG_WARN_INT_CONVERSION = YES;
				CLANG_WARN_NON_LITERAL_NULL_CONVERSION = YES;
				CLANG_WARN_OBJC_IMPLICIT_RETAIN_SELF = YES;
				CLANG_WARN_OBJC_LITERAL_CONVERSION = YES;
				CLANG_WARN_OBJC_ROOT_CLASS = YES_ERROR;
				CLANG_WARN_QUOTED_INCLUDE_IN_FRAMEWORK_HEADER = YES;
				CLANG_WARN_RANGE_LOOP_ANALYSIS = YES;
				CLANG_WARN_STRICT_PROTOTYPES = YES;
				CLANG_WARN_SUSPICIOUS_MOVE = YES;
				CLANG_WARN_UNGUARDED_AVAILABILITY = YES_AGGRESSIVE;
				CLANG_WARN_UNREACHABLE_CODE = YES;
				CLANG_WARN__DUPLICATE_METHOD_MATCH = YES;
				COPY_PHASE_STRIP = NO;
				DEBUG_INFORMATION_FORMAT = "dwarf-with-dsym";
				DEVELOPMENT_TEAM = 7V6ZLVLSAB;
				ENABLE_NS_ASSERTIONS = NO;
				ENABLE_STRICT_OBJC_MSGSEND = YES;
				ENABLE_USER_SCRIPT_SANDBOXING = YES;
				GCC_C_LANGUAGE_STANDARD = gnu17;
				GCC_NO_COMMON_BLOCKS = YES;
				GCC_WARN_64_TO_32_BIT_CONVERSION = YES;
				GCC_WARN_ABOUT_RETURN_TYPE = YES_ERROR;
				GCC_WARN_UNDECLARED_SELECTOR = YES;
				GCC_WARN_UNINITIALIZED_AUTOS = YES_AGGRESSIVE;
				GCC_WARN_UNUSED_FUNCTION = YES;
				GCC_WARN_UNUSED_VARIABLE = YES;
				IPHONEOS_DEPLOYMENT_TARGET = 26.5;
				LOCALIZATION_PREFERS_STRING_CATALOGS = YES;
				MTL_ENABLE_DEBUG_INFO = NO;
				MTL_FAST_MATH = YES;
				SDKROOT = iphoneos;
				SWIFT_COMPILATION_MODE = wholemodule;
				VALIDATE_PRODUCT = YES;
			};
			name = Release;
		};
/* End XCBuildConfiguration section */

/* Begin XCConfigurationList section */
		410E500130295C88007F7567 /* Build configuration list for PBXProject "RxResearch" */ = {
			isa = XCConfigurationList;
			buildConfigurations = (
				410E501C30295C89007F7567 /* Debug */,
				410E501D30295C89007F7567 /* Release */,
			);
			defaultConfigurationIsVisible = 0;
			defaultConfigurationName = Release;
		};
		410E501930295C89007F7567 /* Build configuration list for PBXNativeTarget "RxResearch" */ = {
			isa = XCConfigurationList;
			buildConfigurations = (
				410E501A30295C89007F7567 /* Debug */,
				410E501B30295C89007F7567 /* Release */,
			);
			defaultConfigurationIsVisible = 0;
			defaultConfigurationName = Release;
		};
/* End XCConfigurationList section */

/* Begin XCRemoteSwiftPackageReference section */
		413AD822302B020000771C91 /* XCRemoteSwiftPackageReference "R.swift" */ = {
			isa = XCRemoteSwiftPackageReference;
			repositoryURL = "https://github.com/mac-cain13/R.swift";
			requirement = {
				branch = refactor;
				kind = branch;
			};
		};
		413AD825302B02DA00771C91 /* XCRemoteSwiftPackageReference "R.swift" */ = {
			isa = XCRemoteSwiftPackageReference;
			repositoryURL = "https://github.com/mac-cain13/R.swift";
			requirement = {
				kind = upToNextMajorVersion;
				minimumVersion = 7.8.0;
			};
		};
		41E23E2A302AFB84004D96C7 /* XCRemoteSwiftPackageReference "R.swift" */ = {
			isa = XCRemoteSwiftPackageReference;
			repositoryURL = "https://github.com/mac-cain13/R.swift";
			requirement = {
				kind = exactVersion;
				version = 7.8.0;
			};
		};
/* End XCRemoteSwiftPackageReference section */

/* Begin XCSwiftPackageProductDependency section */
		413AD823302B020000771C91 /* RswiftLibrary */ = {
			isa = XCSwiftPackageProductDependency;
			package = 413AD822302B020000771C91 /* XCRemoteSwiftPackageReference "R.swift" */;
			productName = RswiftLibrary;
		};
		413AD826302B02DA00771C91 /* RswiftLibrary */ = {
			isa = XCSwiftPackageProductDependency;
			package = 413AD825302B02DA00771C91 /* XCRemoteSwiftPackageReference "R.swift" */;
			productName = RswiftLibrary;
		};
		413AD828302B02EC00771C91 /* plugin:RswiftGenerateInternalResources */ = {
			isa = XCSwiftPackageProductDependency;
			productName = "plugin:RswiftGenerateInternalResources";
		};
		41E23E2B302AFB84004D96C7 /* RswiftLibrary */ = {
			isa = XCSwiftPackageProductDependency;
			package = 41E23E2A302AFB84004D96C7 /* XCRemoteSwiftPackageReference "R.swift" */;
			productName = RswiftLibrary;
		};
/* End XCSwiftPackageProductDependency section */
	};
	rootObject = 410E4FFE30295C88007F7567 /* Project object */;
}
